
Microsoft Visual Studio Solution File, Format Version 12.00
# Visual Studio Version 17
VisualStudioVersion = 17.12.35707.178
MinimumVisualStudioVersion = 10.0.40219.1
Project("{FAE04EC0-301F-11D3-BF4B-00C04F79EFBC}") = "Shared", "Shared\Shared.csproj", "{CAFBD36D-DCAE-4AF8-B665-BB370CDD9B64}"
EndProject
Project("{FAE04EC0-301F-11D3-BF4B-00C04F79EFBC}") = "Shared.Contracts", "Shared.Contracts\Shared.Contracts.csproj", "{2EEC62AB-0AB6-419E-8416-FFBD6D6EF2F5}"
EndProject
Project("{FAE04EC0-301F-11D3-BF4B-00C04F79EFBC}") = "Shared.Messaging", "Shared.Messaging\Shared.Messaging.csproj", "{92492E4C-8613-41B0-8C39-C7F66C0952A1}"
EndProject
Global
	GlobalSection(SolutionConfigurationPlatforms) = preSolution
		Debug|Any CPU = Debug|Any CPU
		Release|Any CPU = Release|Any CPU
	EndGlobalSection
	GlobalSection(ProjectConfigurationPlatforms) = postSolution
		{CAFBD36D-DCAE-4AF8-B665-BB370CDD9B64}.Debug|Any CPU.ActiveCfg = Debug|Any CPU
		{CAFBD36D-DCAE-4AF8-B665-BB370CDD9B64}.Debug|Any CPU.Build.0 = Debug|Any CPU
		{CAFBD36D-DCAE-4AF8-B665-BB370CDD9B64}.Release|Any CPU.ActiveCfg = Release|Any CPU
		{CAFBD36D-DCAE-4AF8-B665-BB370CDD9B64}.Release|Any CPU.Build.0 = Release|Any CPU
		{2EEC62AB-0AB6-419E-8416-FFBD6D6EF2F5}.Debug|Any CPU.ActiveCfg = Debug|Any CPU
		{2EEC62AB-0AB6-419E-8416-FFBD6D6EF2F5}.Debug|Any CPU.Build.0 = Debug|Any CPU
		{2EEC62AB-0AB6-419E-8416-FFBD6D6EF2F5}.Release|Any CPU.ActiveCfg = Release|Any CPU
		{2EEC62AB-0AB6-419E-8416-FFBD6D6EF2F5}.Release|Any CPU.Build.0 = Release|Any CPU
		{92492E4C-8613-41B0-8C39-C7F66C0952A1}.Debug|Any CPU.ActiveCfg = Debug|Any CPU
		{92492E4C-8613-41B0-8C39-C7F66C0952A1}.Debug|Any CPU.Build.0 = Debug|Any CPU
		{92492E4C-8613-41B0-8C39-C7F66C0952A1}.Release|Any CPU.ActiveCfg = Release|Any CPU
		{92492E4C-8613-41B0-8C39-C7F66C0952A1}.Release|Any CPU.Build.0 = Release|Any CPU
	EndGlobalSection
	GlobalSection(SolutionProperties) = preSolution
		HideSolutionNode = FALSE
	EndGlobalSection
EndGlobal
